
Microsoft Visual Studio Solution File, Format Version 12.00
# Visual Studio 15
VisualStudioVersion = 15.0.26430.13
MinimumVisualStudioVersion = 10.0.40219.1
Project("{FAE04EC0-301F-11D3-BF4B-00C04F79EFBC}") = "App1.Android", "App1\App1.Android\App1.Android.csproj", "{5F3807AB-FEFD-469A-BE82-FC0C29C48936}"
EndProject
Project("{FAE04EC0-301F-11D3-BF4B-00C04F79EFBC}") = "App1.iOS", "App1\App1.iOS\App1.iOS.csproj", "{0A96D61D-CBE3-40B4-BEF2-68258B5DF03F}"
EndProject
Project("{FAE04EC0-301F-11D3-BF4B-00C04F79EFBC}") = "App1.UWP", "App1\App1.UWP\App1.UWP.csproj", "{15E1AD6D-113A-44FF-A813-DD0F90E9B384}"
EndProject
Project("{D954291E-2A0B-460D-934E-DC6B0785DB48}") = "App1", "App1\App1\App1.shproj", "{EBB525AD-9B32-4B9F-952E-07F858207342}"
EndProject
Global
	GlobalSection(SharedMSBuildProjectFiles) = preSolution
		App1\App1\App1.projitems*{ebb525ad-9b32-4b9f-952e-07f858207342}*SharedItemsImports = 13
	EndGlobalSection
	GlobalSection(SolutionConfigurationPlatforms) = preSolution
		Debug|Any CPU = Debug|Any CPU
		Debug|ARM = Debug|ARM
		Debug|iPhone = Debug|iPhone
		Debug|iPhoneSimulator = Debug|iPhoneSimulator
		Debug|x64 = Debug|x64
		Debug|x86 = Debug|x86
		Release|Any CPU = Release|Any CPU
		Release|ARM = Release|ARM
		Release|iPhone = Release|iPhone
		Release|iPhoneSimulator = Release|iPhoneSimulator
		Release|x64 = Release|x64
		Release|x86 = Release|x86
	EndGlobalSection
	GlobalSection(ProjectConfigurationPlatforms) = postSolution
		{5F3807AB-FEFD-469A-BE82-FC0C29C48936}.Debug|Any CPU.ActiveCfg = Debug|Any CPU
		{5F3807AB-FEFD-469A-BE82-FC0C29C48936}.Debug|Any CPU.Build.0 = Debug|Any CPU
		{5F3807AB-FEFD-469A-BE82-FC0C29C48936}.Debug|Any CPU.Deploy.0 = Debug|Any CPU
		{5F3807AB-FEFD-469A-BE82-FC0C29C48936}.Debug|ARM.ActiveCfg = Debug|Any CPU
		{5F3807AB-FEFD-469A-BE82-FC0C29C48936}.Debug|ARM.Build.0 = Debug|Any CPU
		{5F3807AB-FEFD-469A-BE82-FC0C29C48936}.Debug|ARM.Deploy.0 = Debug|Any CPU
		{5F3807AB-FEFD-469A-BE82-FC0C29C48936}.Debug|iPhone.ActiveCfg = Debug|Any CPU
		{5F3807AB-FEFD-469A-BE82-FC0C29C48936}.Debug|iPhone.Build.0 = Debug|Any CPU
		{5F3807AB-FEFD-469A-BE82-FC0C29C48936}.Debug|iPhone.Deploy.0 = Debug|Any CPU
		{5F3807AB-FEFD-469A-BE82-FC0C29C48936}.Debug|iPhoneSimulator.ActiveCfg = Debug|Any CPU
		{5F3807AB-FEFD-469A-BE82-FC0C29C48936}.Debug|iPhoneSimulator.Build.0 = Debug|Any CPU
		{5F3807AB-FEFD-469A-BE82-FC0C29C48936}.Debug|iPhoneSimulator.Deploy.0 = Debug|Any CPU
		{5F3807AB-FEFD-469A-BE82-FC0C29C48936}.Debug|x64.ActiveCfg = Debug|Any CPU
		{5F3807AB-FEFD-469A-BE82-FC0C29C48936}.Debug|x64.Build.0 = Debug|Any CPU
		{5F3807AB-FEFD-469A-BE82-FC0C29C48936}.Debug|x64.Deploy.0 = Debug|Any CPU
		{5F3807AB-FEFD-469A-BE82-FC0C29C48936}.Debug|x86.ActiveCfg = Debug|Any CPU
		{5F3807AB-FEFD-469A-BE82-FC0C29C48936}.Debug|x86.Build.0 = Debug|Any CPU
		{5F3807AB-FEFD-469A-BE82-FC0C29C48936}.Debug|x86.Deploy.0 = Debug|Any CPU
		{5F3807AB-FEFD-469A-BE82-FC0C29C48936}.Release|Any CPU.ActiveCfg = Release|Any CPU
		{5F3807AB-FEFD-469A-BE82-FC0C29C48936}.Release|Any CPU.Build.0 = Release|Any CPU
		{5F3807AB-FEFD-469A-BE82-FC0C29C48936}.Release|Any CPU.Deploy.0 = Release|Any CPU
		{5F3807AB-FEFD-469A-BE82-FC0C29C48936}.Release|ARM.ActiveCfg = Release|Any CPU
		{5F3807AB-FEFD-469A-BE82-FC0C29C48936}.Release|ARM.Build.0 = Release|Any CPU
		{5F3807AB-FEFD-469A-BE82-FC0C29C48936}.Release|ARM.Deploy.0 = Release|Any CPU
		{5F3807AB-FEFD-469A-BE82-FC0C29C48936}.Release|iPhone.ActiveCfg = Release|Any CPU
		{5F3807AB-FEFD-469A-BE82-FC0C29C48936}.Release|iPhone.Build.0 = Release|Any CPU
		{5F3807AB-FEFD-469A-BE82-FC0C29C48936}.Release|iPhone.Deploy.0 = Release|Any CPU
		{5F3807AB-FEFD-469A-BE82-FC0C29C48936}.Release|iPhoneSimulator.ActiveCfg = Release|Any CPU
		{5F3807AB-FEFD-469A-BE82-FC0C29C48936}.Release|iPhoneSimulator.Build.0 = Release|Any CPU
		{5F3807AB-FEFD-469A-BE82-FC0C29C48936}.Release|iPhoneSimulator.Deploy.0 = Release|Any CPU
		{5F3807AB-FEFD-469A-BE82-FC0C29C48936}.Release|x64.ActiveCfg = Release|Any CPU
		{5F3807AB-FEFD-469A-BE82-FC0C29C48936}.Release|x64.Build.0 = Release|Any CPU
		{5F3807AB-FEFD-469A-BE82-FC0C29C48936}.Release|x64.Deploy.0 = Release|Any CPU
		{5F3807AB-FEFD-469A-BE82-FC0C29C48936}.Release|x86.ActiveCfg = Release|Any CPU
		{5F3807AB-FEFD-469A-BE82-FC0C29C48936}.Release|x86.Build.0 = Release|Any CPU
		{5F3807AB-FEFD-469A-BE82-FC0C29C48936}.Release|x86.Deploy.0 = Release|Any CPU
		{0A96D61D-CBE3-40B4-BEF2-68258B5DF03F}.Debug|Any CPU.ActiveCfg = Debug|iPhone
		{0A96D61D-CBE3-40B4-BEF2-68258B5DF03F}.Debug|ARM.ActiveCfg = Debug|iPhone
		{0A96D61D-CBE3-40B4-BEF2-68258B5DF03F}.Debug|iPhone.ActiveCfg = Debug|iPhone
		{0A96D61D-CBE3-40B4-BEF2-68258B5DF03F}.Debug|iPhone.Build.0 = Debug|iPhone
		{0A96D61D-CBE3-40B4-BEF2-68258B5DF03F}.Debug|iPhoneSimulator.ActiveCfg = Debug|iPhoneSimulator
		{0A96D61D-CBE3-40B4-BEF2-68258B5DF03F}.Debug|iPhoneSimulator.Build.0 = Debug|iPhoneSimulator
		{0A96D61D-CBE3-40B4-BEF2-68258B5DF03F}.Debug|x64.ActiveCfg = Debug|iPhone
		{0A96D61D-CBE3-40B4-BEF2-68258B5DF03F}.Debug|x86.ActiveCfg = Debug|iPhone
		{0A96D61D-CBE3-40B4-BEF2-68258B5DF03F}.Release|Any CPU.ActiveCfg = Release|iPhone
		{0A96D61D-CBE3-40B4-BEF2-68258B5DF03F}.Release|ARM.ActiveCfg = Release|iPhone
		{0A96D61D-CBE3-40B4-BEF2-68258B5DF03F}.Release|iPhone.ActiveCfg = Release|iPhone
		{0A96D61D-CBE3-40B4-BEF2-68258B5DF03F}.Release|iPhone.Build.0 = Release|iPhone
		{0A96D61D-CBE3-40B4-BEF2-68258B5DF03F}.Release|iPhoneSimulator.ActiveCfg = Release|iPhoneSimulator
		{0A96D61D-CBE3-40B4-BEF2-68258B5DF03F}.Release|iPhoneSimulator.Build.0 = Release|iPhoneSimulator
		{0A96D61D-CBE3-40B4-BEF2-68258B5DF03F}.Release|x64.ActiveCfg = Release|iPhone
		{0A96D61D-CBE3-40B4-BEF2-68258B5DF03F}.Release|x86.ActiveCfg = Release|iPhone
		{15E1AD6D-113A-44FF-A813-DD0F90E9B384}.Debug|Any CPU.ActiveCfg = Debug|x86
		{15E1AD6D-113A-44FF-A813-DD0F90E9B384}.Debug|ARM.ActiveCfg = Debug|ARM
		{15E1AD6D-113A-44FF-A813-DD0F90E9B384}.Debug|ARM.Build.0 = Debug|ARM
		{15E1AD6D-113A-44FF-A813-DD0F90E9B384}.Debug|ARM.Deploy.0 = Debug|ARM
		{15E1AD6D-113A-44FF-A813-DD0F90E9B384}.Debug|iPhone.ActiveCfg = Debug|x86
		{15E1AD6D-113A-44FF-A813-DD0F90E9B384}.Debug|iPhoneSimulator.ActiveCfg = Debug|x86
		{15E1AD6D-113A-44FF-A813-DD0F90E9B384}.Debug|x64.ActiveCfg = Debug|x64
		{15E1AD6D-113A-44FF-A813-DD0F90E9B384}.Debug|x64.Build.0 = Debug|x64
		{15E1AD6D-113A-44FF-A813-DD0F90E9B384}.Debug|x64.Deploy.0 = Debug|x64
		{15E1AD6D-113A-44FF-A813-DD0F90E9B384}.Debug|x86.ActiveCfg = Debug|x86
		{15E1AD6D-113A-44FF-A813-DD0F90E9B384}.Debug|x86.Build.0 = Debug|x86
		{15E1AD6D-113A-44FF-A813-DD0F90E9B384}.Debug|x86.Deploy.0 = Debug|x86
		{15E1AD6D-113A-44FF-A813-DD0F90E9B384}.Release|Any CPU.ActiveCfg = Release|x86
		{15E1AD6D-113A-44FF-A813-DD0F90E9B384}.Release|ARM.ActiveCfg = Release|ARM
		{15E1AD6D-113A-44FF-A813-DD0F90E9B384}.Release|ARM.Build.0 = Release|ARM
		{15E1AD6D-113A-44FF-A813-DD0F90E9B384}.Release|ARM.Deploy.0 = Release|ARM
		{15E1AD6D-113A-44FF-A813-DD0F90E9B384}.Release|iPhone.ActiveCfg = Release|x86
		{15E1AD6D-113A-44FF-A813-DD0F90E9B384}.Release|iPhoneSimulator.ActiveCfg = Release|x86
		{15E1AD6D-113A-44FF-A813-DD0F90E9B384}.Release|x64.ActiveCfg = Release|x64
		{15E1AD6D-113A-44FF-A813-DD0F90E9B384}.Release|x64.Build.0 = Release|x64
		{15E1AD6D-113A-44FF-A813-DD0F90E9B384}.Release|x64.Deploy.0 = Release|x64
		{15E1AD6D-113A-44FF-A813-DD0F90E9B384}.Release|x86.ActiveCfg = Release|x86
		{15E1AD6D-113A-44FF-A813-DD0F90E9B384}.Release|x86.Build.0 = Release|x86
		{15E1AD6D-113A-44FF-A813-DD0F90E9B384}.Release|x86.Deploy.0 = Release|x86
	EndGlobalSection
	GlobalSection(SolutionProperties) = preSolution
		HideSolutionNode = FALSE
	EndGlobalSection
EndGlobal
